
Microsoft Visual Studio Solution File, Format Version 12.00
# Visual Studio 14
VisualStudioVersion = 14.0.24720.0
MinimumVisualStudioVersion = 10.0.40219.1
Project("{FAE04EC0-301F-11D3-BF4B-00C04F79EFBC}") = "MVCDemo.Web", "MVCDemo\MVCDemo.Web.csproj", "{2698F1D7-EED4-4AA4-96E6-614FF0134D61}"
EndProject
Project("{FAE04EC0-301F-11D3-BF4B-00C04F79EFBC}") = "MVCDemo.Models", "Models\MVCDemo.Models.csproj", "{D999B69F-E4C5-4227-A104-A8D6FA0EF502}"
EndProject
Project("{FAE04EC0-301F-11D3-BF4B-00C04F79EFBC}") = "MVCDemo.Database", "Database\MVCDemo.Database.csproj", "{80E5C0FA-0813-496F-AA40-146AECA5DBC4}"
EndProject
Project("{FAE04EC0-301F-11D3-BF4B-00C04F79EFBC}") = "Membership", "Membership\Membership.csproj", "{F36823C5-3487-43C8-B354-74800063041A}"
EndProject
Global
	GlobalSection(SolutionConfigurationPlatforms) = preSolution
		Debug|Any CPU = Debug|Any CPU
		Release|Any CPU = Release|Any CPU
	EndGlobalSection
	GlobalSection(ProjectConfigurationPlatforms) = postSolution
		{2698F1D7-EED4-4AA4-96E6-614FF0134D61}.Debug|Any CPU.ActiveCfg = Debug|Any CPU
		{2698F1D7-EED4-4AA4-96E6-614FF0134D61}.Debug|Any CPU.Build.0 = Debug|Any CPU
		{2698F1D7-EED4-4AA4-96E6-614FF0134D61}.Release|Any CPU.ActiveCfg = Release|Any CPU
		{2698F1D7-EED4-4AA4-96E6-614FF0134D61}.Release|Any CPU.Build.0 = Release|Any CPU
		{D999B69F-E4C5-4227-A104-A8D6FA0EF502}.Debug|Any CPU.ActiveCfg = Debug|Any CPU
		{D999B69F-E4C5-4227-A104-A8D6FA0EF502}.Debug|Any CPU.Build.0 = Debug|Any CPU
		{D999B69F-E4C5-4227-A104-A8D6FA0EF502}.Release|Any CPU.ActiveCfg = Release|Any CPU
		{D999B69F-E4C5-4227-A104-A8D6FA0EF502}.Release|Any CPU.Build.0 = Release|Any CPU
		{80E5C0FA-0813-496F-AA40-146AECA5DBC4}.Debug|Any CPU.ActiveCfg = Debug|Any CPU
		{80E5C0FA-0813-496F-AA40-146AECA5DBC4}.Debug|Any CPU.Build.0 = Debug|Any CPU
		{80E5C0FA-0813-496F-AA40-146AECA5DBC4}.Release|Any CPU.ActiveCfg = Release|Any CPU
		{80E5C0FA-0813-496F-AA40-146AECA5DBC4}.Release|Any CPU.Build.0 = Release|Any CPU
		{F36823C5-3487-43C8-B354-74800063041A}.Debug|Any CPU.ActiveCfg = Debug|Any CPU
		{F36823C5-3487-43C8-B354-74800063041A}.Debug|Any CPU.Build.0 = Debug|Any CPU
		{F36823C5-3487-43C8-B354-74800063041A}.Release|Any CPU.ActiveCfg = Release|Any CPU
		{F36823C5-3487-43C8-B354-74800063041A}.Release|Any CPU.Build.0 = Release|Any CPU
	EndGlobalSection
	GlobalSection(SolutionProperties) = preSolution
		HideSolutionNode = FALSE
	EndGlobalSection
EndGlobal
